
Microsoft Visual Studio Solution File, Format Version 12.00
# Visual Studio Version 17
VisualStudioVersion = 17.10.35027.167
MinimumVisualStudioVersion = 10.0.40219.1
Project("{FAE04EC0-301F-11D3-BF4B-00C04F79EFBC}") = "5-practicum", "5-practicum\5-practicum.csproj", "{F309A518-3A20-420E-8380-2E3D39D1E223}"
EndProject
Global
	GlobalSection(SolutionConfigurationPlatforms) = preSolution
		Debug|Any CPU = Debug|Any CPU
		Release|Any CPU = Release|Any CPU
	EndGlobalSection
	GlobalSection(ProjectConfigurationPlatforms) = postSolution
		{F309A518-3A20-420E-8380-2E3D39D1E223}.Debug|Any CPU.ActiveCfg = Debug|Any CPU
		{F309A518-3A20-420E-8380-2E3D39D1E223}.Debug|Any CPU.Build.0 = Debug|Any CPU
		{F309A518-3A20-420E-8380-2E3D39D1E223}.Release|Any CPU.ActiveCfg = Release|Any CPU
		{F309A518-3A20-420E-8380-2E3D39D1E223}.Release|Any CPU.Build.0 = Release|Any CPU
	EndGlobalSection
	GlobalSection(SolutionProperties) = preSolution
		HideSolutionNode = FALSE
	EndGlobalSection
	GlobalSection(ExtensibilityGlobals) = postSolution
		SolutionGuid = {CC24329D-65B4-48EB-85F2-2FAB9DB414FE}
	EndGlobalSection
EndGlobal
